
Microsoft Visual Studio Solution File, Format Version 12.00
# Visual Studio Version 17
VisualStudioVersion = 17.7.34202.233
MinimumVisualStudioVersion = 10.0.40219.1
Project("{FAE04EC0-301F-11D3-BF4B-00C04F79EFBC}") = "medicaton", "medicaton\medicaton.csproj", "{BAD0B19B-F13B-4C40-8E22-B729BDFEEB77}"
EndProject
Global
	GlobalSection(SolutionConfigurationPlatforms) = preSolution
		Debug|Any CPU = Debug|Any CPU
		Release|Any CPU = Release|Any CPU
	EndGlobalSection
	GlobalSection(ProjectConfigurationPlatforms) = postSolution
		{BAD0B19B-F13B-4C40-8E22-B729BDFEEB77}.Debug|Any CPU.ActiveCfg = Debug|Any CPU
		{BAD0B19B-F13B-4C40-8E22-B729BDFEEB77}.Debug|Any CPU.Build.0 = Debug|Any CPU
		{BAD0B19B-F13B-4C40-8E22-B729BDFEEB77}.Release|Any CPU.ActiveCfg = Release|Any CPU
		{BAD0B19B-F13B-4C40-8E22-B729BDFEEB77}.Release|Any CPU.Build.0 = Release|Any CPU
	EndGlobalSection
	GlobalSection(SolutionProperties) = preSolution
		HideSolutionNode = FALSE
	EndGlobalSection
	GlobalSection(ExtensibilityGlobals) = postSolution
		SolutionGuid = {32C32422-DD6A-47F1-89AC-B012E2F13A93}
	EndGlobalSection
EndGlobal
